
Microsoft Visual Studio Solution File, Format Version 12.00
# Visual Studio Version 16
VisualStudioVersion = 16.0.30523.141
MinimumVisualStudioVersion = 10.0.40219.1
Project("{FAE04EC0-301F-11D3-BF4B-00C04F79EFBC}") = "Pintea_Ionica_Alexandru_Lab2", "Pintea_Ionica_Alexandru_Lab2.csproj", "{37CD938A-38C8-460E-BBE7-6EA3EF3B8550}"
EndProject
Global
	GlobalSection(SolutionConfigurationPlatforms) = preSolution
		Debug|Any CPU = Debug|Any CPU
		Release|Any CPU = Release|Any CPU
	EndGlobalSection
	GlobalSection(ProjectConfigurationPlatforms) = postSolution
		{37CD938A-38C8-460E-BBE7-6EA3EF3B8550}.Debug|Any CPU.ActiveCfg = Debug|Any CPU
		{37CD938A-38C8-460E-BBE7-6EA3EF3B8550}.Debug|Any CPU.Build.0 = Debug|Any CPU
		{37CD938A-38C8-460E-BBE7-6EA3EF3B8550}.Release|Any CPU.ActiveCfg = Release|Any CPU
		{37CD938A-38C8-460E-BBE7-6EA3EF3B8550}.Release|Any CPU.Build.0 = Release|Any CPU
	EndGlobalSection
	GlobalSection(SolutionProperties) = preSolution
		HideSolutionNode = FALSE
	EndGlobalSection
	GlobalSection(ExtensibilityGlobals) = postSolution
		SolutionGuid = {EB1AF77C-BF61-4095-9DF6-8C8119075B91}
	EndGlobalSection
EndGlobal
